
Microsoft Visual Studio Solution File, Format Version 12.00
# Visual Studio Version 17
VisualStudioVersion = 17.1.32421.90
MinimumVisualStudioVersion = 10.0.40219.1
Project("{FAE04EC0-301F-11D3-BF4B-00C04F79EFBC}") = "SpaceShuttle", "SpaceShuttle\SpaceShuttle.csproj", "{014C8310-522A-4A1E-A201-BE10EDA91571}"
EndProject
Global
	GlobalSection(SolutionConfigurationPlatforms) = preSolution
		Debug|Any CPU = Debug|Any CPU
		Release|Any CPU = Release|Any CPU
	EndGlobalSection
	GlobalSection(ProjectConfigurationPlatforms) = postSolution
		{014C8310-522A-4A1E-A201-BE10EDA91571}.Debug|Any CPU.ActiveCfg = Debug|Any CPU
		{014C8310-522A-4A1E-A201-BE10EDA91571}.Debug|Any CPU.Build.0 = Debug|Any CPU
		{014C8310-522A-4A1E-A201-BE10EDA91571}.Release|Any CPU.ActiveCfg = Release|Any CPU
		{014C8310-522A-4A1E-A201-BE10EDA91571}.Release|Any CPU.Build.0 = Release|Any CPU
	EndGlobalSection
	GlobalSection(SolutionProperties) = preSolution
		HideSolutionNode = FALSE
	EndGlobalSection
	GlobalSection(ExtensibilityGlobals) = postSolution
		SolutionGuid = {E4731A57-E153-418F-8D82-12C2D3AF5A3E}
	EndGlobalSection
EndGlobal
